// !$*UTF8*$!
{
	archiveVersion = 1;
	classes = {
	};
	objectVersion = 46;
	objects = {

/* Begin PBXBuildFile section */
		CA2A35AF17B229CE008B28A5 /* .gitignore in Resources */ = {isa = PBXBuildFile; fileRef = CA2A353A17B229CE008B28A5 /* .gitignore */; };
		CA2A35B017B229CE008B28A5 /* NSMutableArray+KTUtilities.html in Resources */ = {isa = PBXBuildFile; fileRef = CA2A353E17B229CE008B28A5 /* NSMutableArray+KTUtilities.html */; };
		CA2A35B117B229CE008B28A5 /* NSString+KTUtilities.html in Resources */ = {isa = PBXBuildFile; fileRef = CA2A353F17B229CE008B28A5 /* NSString+KTUtilities.html */; };
		CA2A35B217B229CE008B28A5 /* UIColor+KTUtilities.html in Resources */ = {isa = PBXBuildFile; fileRef = CA2A354017B229CE008B28A5 /* UIColor+KTUtilities.html */; };
		CA2A35B317B229CE008B28A5 /* UIImage+KTUtilities.html in Resources */ = {isa = PBXBuildFile; fileRef = CA2A354117B229CE008B28A5 /* UIImage+KTUtilities.html */; };
		CA2A35B417B229CE008B28A5 /* UIView+KTUtilities.html in Resources */ = {isa = PBXBuildFile; fileRef = CA2A354217B229CE008B28A5 /* UIView+KTUtilities.html */; };
		CA2A35B517B229CE008B28A5 /* KTAlert.html in Resources */ = {isa = PBXBuildFile; fileRef = CA2A354417B229CE008B28A5 /* KTAlert.html */; };
		CA2A35B617B229CE008B28A5 /* KTAlertBar.html in Resources */ = {isa = PBXBuildFile; fileRef = CA2A354517B229CE008B28A5 /* KTAlertBar.html */; };
		CA2A35B717B229CE008B28A5 /* KTAlertToast.html in Resources */ = {isa = PBXBuildFile; fileRef = CA2A354617B229CE008B28A5 /* KTAlertToast.html */; };
		CA2A35B817B229CE008B28A5 /* KTAppRater.html in Resources */ = {isa = PBXBuildFile; fileRef = CA2A354717B229CE008B28A5 /* KTAppRater.html */; };
		CA2A35B917B229CE008B28A5 /* KTButton.html in Resources */ = {isa = PBXBuildFile; fileRef = CA2A354817B229CE008B28A5 /* KTButton.html */; };
		CA2A35BA17B229CE008B28A5 /* KTCircularProgressIndicator.html in Resources */ = {isa = PBXBuildFile; fileRef = CA2A354917B229CE008B28A5 /* KTCircularProgressIndicator.html */; };
		CA2A35BB17B229CE008B28A5 /* KTForgotPasswordViewController.html in Resources */ = {isa = PBXBuildFile; fileRef = CA2A354A17B229CE008B28A5 /* KTForgotPasswordViewController.html */; };
		CA2A35BC17B229CE008B28A5 /* KTImageView.html in Resources */ = {isa = PBXBuildFile; fileRef = CA2A354B17B229CE008B28A5 /* KTImageView.html */; };
		CA2A35BD17B229CE008B28A5 /* KTLoader.html in Resources */ = {isa = PBXBuildFile; fileRef = CA2A354C17B229CE008B28A5 /* KTLoader.html */; };
		CA2A35BE17B229CE008B28A5 /* KTLoginViewController.html in Resources */ = {isa = PBXBuildFile; fileRef = CA2A354D17B229CE008B28A5 /* KTLoginViewController.html */; };
		CA2A35BF17B229CE008B28A5 /* KTNetworkingUtilities.html in Resources */ = {isa = PBXBuildFile; fileRef = CA2A354E17B229CE008B28A5 /* KTNetworkingUtilities.html */; };
		CA2A35C017B229CE008B28A5 /* KTProgressIndicator.html in Resources */ = {isa = PBXBuildFile; fileRef = CA2A354F17B229CE008B28A5 /* KTProgressIndicator.html */; };
		CA2A35C117B229CE008B28A5 /* KTRegistrationViewController.html in Resources */ = {isa = PBXBuildFile; fileRef = CA2A355017B229CE008B28A5 /* KTRegistrationViewController.html */; };
		CA2A35C217B229CE008B28A5 /* KTTableViewController.html in Resources */ = {isa = PBXBuildFile; fileRef = CA2A355117B229CE008B28A5 /* KTTableViewController.html */; };
		CA2A35C317B229CE008B28A5 /* KTTextField.html in Resources */ = {isa = PBXBuildFile; fileRef = CA2A355217B229CE008B28A5 /* KTTextField.html */; };
		CA2A35C417B229CE008B28A5 /* styles.css in Resources */ = {isa = PBXBuildFile; fileRef = CA2A355417B229CE008B28A5 /* styles.css */; };
		CA2A35C517B229CE008B28A5 /* stylesPrint.css in Resources */ = {isa = PBXBuildFile; fileRef = CA2A355517B229CE008B28A5 /* stylesPrint.css */; };
		CA2A35C617B229CE008B28A5 /* hierarchy.html in Resources */ = {isa = PBXBuildFile; fileRef = CA2A355617B229CE008B28A5 /* hierarchy.html */; };
		CA2A35C717B229CE008B28A5 /* button_bar_background.png in Resources */ = {isa = PBXBuildFile; fileRef = CA2A355817B229CE008B28A5 /* button_bar_background.png */; };
		CA2A35C817B229CE008B28A5 /* disclosure.png in Resources */ = {isa = PBXBuildFile; fileRef = CA2A355917B229CE008B28A5 /* disclosure.png */; };
		CA2A35C917B229CE008B28A5 /* disclosure_open.png in Resources */ = {isa = PBXBuildFile; fileRef = CA2A355A17B229CE008B28A5 /* disclosure_open.png */; };
		CA2A35CA17B229CE008B28A5 /* library_background.png in Resources */ = {isa = PBXBuildFile; fileRef = CA2A355B17B229CE008B28A5 /* library_background.png */; };
		CA2A35CB17B229CE008B28A5 /* title_background.png in Resources */ = {isa = PBXBuildFile; fileRef = CA2A355C17B229CE008B28A5 /* title_background.png */; };
		CA2A35CC17B229CE008B28A5 /* index.html in Resources */ = {isa = PBXBuildFile; fileRef = CA2A355D17B229CE008B28A5 /* index.html */; };
		CA2A35CD17B229CE008B28A5 /* KTTableViewDelegate.html in Resources */ = {isa = PBXBuildFile; fileRef = CA2A355F17B229CE008B28A5 /* KTTableViewDelegate.html */; };
		CA2A35CE17B229CE008B28A5 /* KiiToolkit.podspec in Resources */ = {isa = PBXBuildFile; fileRef = CA2A356117B229CE008B28A5 /* KiiToolkit.podspec */; };
		CA2A35CF17B229CE008B28A5 /* KTAppRater.m in Sources */ = {isa = PBXBuildFile; fileRef = CA2A356417B229CE008B28A5 /* KTAppRater.m */; };
		CA2A35D017B229CE008B28A5 /* kt_login_bg.png in Resources */ = {isa = PBXBuildFile; fileRef = CA2A356717B229CE008B28A5 /* kt_login_bg.png */; };
		CA2A35D117B229CE008B28A5 /* kt_login_bg@2x.png in Resources */ = {isa = PBXBuildFile; fileRef = CA2A356817B229CE008B28A5 /* kt_login_bg@2x.png */; };
		CA2A35D217B229CE008B28A5 /* kt_login_close.png in Resources */ = {isa = PBXBuildFile; fileRef = CA2A356917B229CE008B28A5 /* kt_login_close.png */; };
		CA2A35D317B229CE008B28A5 /* kt_login_close@2x.png in Resources */ = {isa = PBXBuildFile; fileRef = CA2A356A17B229CE008B28A5 /* kt_login_close@2x.png */; };
		CA2A35D417B229CE008B28A5 /* kt_login_kii_logo.png in Resources */ = {isa = PBXBuildFile; fileRef = CA2A356B17B229CE008B28A5 /* kt_login_kii_logo.png */; };
		CA2A35D517B229CE008B28A5 /* kt_login_kii_logo@2x.png in Resources */ = {isa = PBXBuildFile; fileRef = CA2A356C17B229CE008B28A5 /* kt_login_kii_logo@2x.png */; };
		CA2A35D617B229CE008B28A5 /* KTForgotPasswordViewController.m in Sources */ = {isa = PBXBuildFile; fileRef = CA2A356E17B229CE008B28A5 /* KTForgotPasswordViewController.m */; };
		CA2A35D717B229CE008B28A5 /* KTLoginViewController.m in Sources */ = {isa = PBXBuildFile; fileRef = CA2A357017B229CE008B28A5 /* KTLoginViewController.m */; };
		CA2A35D817B229CE008B28A5 /* KTRegistrationViewController.m in Sources */ = {isa = PBXBuildFile; fileRef = CA2A357217B229CE008B28A5 /* KTRegistrationViewController.m */; };
		CA2A35D917B229CE008B28A5 /* CKRefreshArrowView.m in Sources */ = {isa = PBXBuildFile; fileRef = CA2A357517B229CE008B28A5 /* CKRefreshArrowView.m */; };
		CA2A35DA17B229CE008B28A5 /* KTTableViewController.m in Sources */ = {isa = PBXBuildFile; fileRef = CA2A357717B229CE008B28A5 /* KTTableViewController.m */; };
		CA2A35DB17B229CE008B28A5 /* KTAlert.m in Sources */ = {isa = PBXBuildFile; fileRef = CA2A357B17B229CE008B28A5 /* KTAlert.m */; };
		CA2A35DC17B229CE008B28A5 /* KTAlertBar.m in Sources */ = {isa = PBXBuildFile; fileRef = CA2A357E17B229CE008B28A5 /* KTAlertBar.m */; };
		CA2A35DD17B229CE008B28A5 /* KTAlertToast.m in Sources */ = {isa = PBXBuildFile; fileRef = CA2A358017B229CE008B28A5 /* KTAlertToast.m */; };
		CA2A35DE17B229CE008B28A5 /* KTButton.m in Sources */ = {isa = PBXBuildFile; fileRef = CA2A358317B229CE008B28A5 /* KTButton.m */; };
		CA2A35DF17B229CE008B28A5 /* KTCircularProgressIndicator.m in Sources */ = {isa = PBXBuildFile; fileRef = CA2A358617B229CE008B28A5 /* KTCircularProgressIndicator.m */; };
		CA2A35E017B229CE008B28A5 /* KTImageView.m in Sources */ = {isa = PBXBuildFile; fileRef = CA2A358917B229CE008B28A5 /* KTImageView.m */; };
		CA2A35E117B229CE008B28A5 /* failure-indicator.png in Resources */ = {isa = PBXBuildFile; fileRef = CA2A358C17B229CE008B28A5 /* failure-indicator.png */; };
		CA2A35E217B229CE008B28A5 /* failure-indicator@2x.png in Resources */ = {isa = PBXBuildFile; fileRef = CA2A358D17B229CE008B28A5 /* failure-indicator@2x.png */; };
		CA2A35E317B229CE008B28A5 /* success-indicator.png in Resources */ = {isa = PBXBuildFile; fileRef = CA2A358E17B229CE008B28A5 /* success-indicator.png */; };
		CA2A35E417B229CE008B28A5 /* success-indicator@2x.png in Resources */ = {isa = PBXBuildFile; fileRef = CA2A358F17B229CE008B28A5 /* success-indicator@2x.png */; };
		CA2A35E517B229CE008B28A5 /* KTLoader.m in Sources */ = {isa = PBXBuildFile; fileRef = CA2A359117B229CE008B28A5 /* KTLoader.m */; };
		CA2A35E617B229CE008B28A5 /* KTProgressIndicator.m in Sources */ = {isa = PBXBuildFile; fileRef = CA2A359417B229CE008B28A5 /* KTProgressIndicator.m */; };
		CA2A35E717B229CE008B28A5 /* KTTextField.m in Sources */ = {isa = PBXBuildFile; fileRef = CA2A359717B229CE008B28A5 /* KTTextField.m */; };
		CA2A35E817B229CE008B28A5 /* NSMutableArray+KTUtilities.m in Sources */ = {isa = PBXBuildFile; fileRef = CA2A359D17B229CE008B28A5 /* NSMutableArray+KTUtilities.m */; };
		CA2A35E917B229CE008B28A5 /* NSString+KTUtilities.m in Sources */ = {isa = PBXBuildFile; fileRef = CA2A35A017B229CE008B28A5 /* NSString+KTUtilities.m */; };
		CA2A35EA17B229CE008B28A5 /* UIColor+KTUtilities.m in Sources */ = {isa = PBXBuildFile; fileRef = CA2A35A317B229CE008B28A5 /* UIColor+KTUtilities.m */; };
		CA2A35EB17B229CE008B28A5 /* UIImage+KTUtilities.m in Sources */ = {isa = PBXBuildFile; fileRef = CA2A35A617B229CE008B28A5 /* UIImage+KTUtilities.m */; };
		CA2A35EC17B229CE008B28A5 /* UIView+KTUtilities.m in Sources */ = {isa = PBXBuildFile; fileRef = CA2A35A917B229CE008B28A5 /* UIView+KTUtilities.m */; };
		CA2A35ED17B229CE008B28A5 /* KTNetworkingUtilities.m in Sources */ = {isa = PBXBuildFile; fileRef = CA2A35AB17B229CE008B28A5 /* KTNetworkingUtilities.m */; };
		CA2A35EE17B229CE008B28A5 /* LICENSE in Resources */ = {isa = PBXBuildFile; fileRef = CA2A35AD17B229CE008B28A5 /* LICENSE */; };
		CA2A35EF17B229CE008B28A5 /* README.md in Resources */ = {isa = PBXBuildFile; fileRef = CA2A35AE17B229CE008B28A5 /* README.md */; };
		CA2A35F117B229EE008B28A5 /* KiiSDK.framework in Frameworks */ = {isa = PBXBuildFile; fileRef = CA2A35F017B229EE008B28A5 /* KiiSDK.framework */; };
		CA708A71178EF9710088F1AC /* UIKit.framework in Frameworks */ = {isa = PBXBuildFile; fileRef = CA708A70178EF9710088F1AC /* UIKit.framework */; };
		CA708A73178EF9710088F1AC /* Foundation.framework in Frameworks */ = {isa = PBXBuildFile; fileRef = CA708A72178EF9710088F1AC /* Foundation.framework */; };
		CA708A75178EF9710088F1AC /* CoreGraphics.framework in Frameworks */ = {isa = PBXBuildFile; fileRef = CA708A74178EF9710088F1AC /* CoreGraphics.framework */; };
		CA708A7B178EF9710088F1AC /* InfoPlist.strings in Resources */ = {isa = PBXBuildFile; fileRef = CA708A79178EF9710088F1AC /* InfoPlist.strings */; };
		CA708A7D178EF9710088F1AC /* main.m in Sources */ = {isa = PBXBuildFile; fileRef = CA708A7C178EF9710088F1AC /* main.m */; };
		CA708A81178EF9710088F1AC /* AppDelegate.m in Sources */ = {isa = PBXBuildFile; fileRef = CA708A80178EF9710088F1AC /* AppDelegate.m */; };
		CA708A83178EF9710088F1AC /* Default.png in Resources */ = {isa = PBXBuildFile; fileRef = CA708A82178EF9710088F1AC /* Default.png */; };
		CA708A85178EF9710088F1AC /* Default@2x.png in Resources */ = {isa = PBXBuildFile; fileRef = CA708A84178EF9710088F1AC /* Default@2x.png */; };
		CA708A87178EF9710088F1AC /* Default-568h@2x.png in Resources */ = {isa = PBXBuildFile; fileRef = CA708A86178EF9710088F1AC /* Default-568h@2x.png */; };
		CA708A8A178EF9710088F1AC /* MyTableViewController.m in Sources */ = {isa = PBXBuildFile; fileRef = CA708A89178EF9710088F1AC /* MyTableViewController.m */; };
		CA708B1B178EFAD40088F1AC /* QuartzCore.framework in Frameworks */ = {isa = PBXBuildFile; fileRef = CA708B1A178EFAD40088F1AC /* QuartzCore.framework */; };
		CA708B1D178EFAE00088F1AC /* SystemConfiguration.framework in Frameworks */ = {isa = PBXBuildFile; fileRef = CA708B1C178EFAE00088F1AC /* SystemConfiguration.framework */; };
		CA708B1F178EFAF30088F1AC /* MobileCoreServices.framework in Frameworks */ = {isa = PBXBuildFile; fileRef = CA708B1E178EFAF30088F1AC /* MobileCoreServices.framework */; };
/* End PBXBuildFile section */

/* Begin PBXFileReference section */
		CA2A353A17B229CE008B28A5 /* .gitignore */ = {isa = PBXFileReference; fileEncoding = 4; lastKnownFileType = text; path = .gitignore; sourceTree = "<group>"; };
		CA2A353E17B229CE008B28A5 /* NSMutableArray+KTUtilities.html */ = {isa = PBXFileReference; fileEncoding = 4; lastKnownFileType = text.html.documentation; path = "NSMutableArray+KTUtilities.html"; sourceTree = "<group>"; };
		CA2A353F17B229CE008B28A5 /* NSString+KTUtilities.html */ = {isa = PBXFileReference; fileEncoding = 4; lastKnownFileType = text.html.documentation; path = "NSString+KTUtilities.html"; sourceTree = "<group>"; };
		CA2A354017B229CE008B28A5 /* UIColor+KTUtilities.html */ = {isa = PBXFileReference; fileEncoding = 4; lastKnownFileType = text.html.documentation; path = "UIColor+KTUtilities.html"; sourceTree = "<group>"; };
		CA2A354117B229CE008B28A5 /* UIImage+KTUtilities.html */ = {isa = PBXFileReference; fileEncoding = 4; lastKnownFileType = text.html.documentation; path = "UIImage+KTUtilities.html"; sourceTree = "<group>"; };
		CA2A354217B229CE008B28A5 /* UIView+KTUtilities.html */ = {isa = PBXFileReference; fileEncoding = 4; lastKnownFileType = text.html.documentation; path = "UIView+KTUtilities.html"; sourceTree = "<group>"; };
		CA2A354417B229CE008B28A5 /* KTAlert.html */ = {isa = PBXFileReference; fileEncoding = 4; lastKnownFileType = text.html.documentation; path = KTAlert.html; sourceTree = "<group>"; };
		CA2A354517B229CE008B28A5 /* KTAlertBar.html */ = {isa = PBXFileReference; fileEncoding = 4; lastKnownFileType = text.html.documentation; path = KTAlertBar.html; sourceTree = "<group>"; };
		CA2A354617B229CE008B28A5 /* KTAlertToast.html */ = {isa = PBXFileReference; fileEncoding = 4; lastKnownFileType = text.html.documentation; path = KTAlertToast.html; sourceTree = "<group>"; };
		CA2A354717B229CE008B28A5 /* KTAppRater.html */ = {isa = PBXFileReference; fileEncoding = 4; lastKnownFileType = text.html.documentation; path = KTAppRater.html; sourceTree = "<group>"; };
		CA2A354817B229CE008B28A5 /* KTButton.html */ = {isa = PBXFileReference; fileEncoding = 4; lastKnownFileType = text.html.documentation; path = KTButton.html; sourceTree = "<group>"; };
		CA2A354917B229CE008B28A5 /* KTCircularProgressIndicator.html */ = {isa = PBXFileReference; fileEncoding = 4; lastKnownFileType = text.html.documentation; path = KTCircularProgressIndicator.html; sourceTree = "<group>"; };
		CA2A354A17B229CE008B28A5 /* KTForgotPasswordViewController.html */ = {isa = PBXFileReference; fileEncoding = 4; lastKnownFileType = text.html.documentation; path = KTForgotPasswordViewController.html; sourceTree = "<group>"; };
		CA2A354B17B229CE008B28A5 /* KTImageView.html */ = {isa = PBXFileReference; fileEncoding = 4; lastKnownFileType = text.html.documentation; path = KTImageView.html; sourceTree = "<group>"; };
		CA2A354C17B229CE008B28A5 /* KTLoader.html */ = {isa = PBXFileReference; fileEncoding = 4; lastKnownFileType = text.html.documentation; path = KTLoader.html; sourceTree = "<group>"; };
		CA2A354D17B229CE008B28A5 /* KTLoginViewController.html */ = {isa = PBXFileReference; fileEncoding = 4; lastKnownFileType = text.html.documentation; path = KTLoginViewController.html; sourceTree = "<group>"; };
		CA2A354E17B229CE008B28A5 /* KTNetworkingUtilities.html */ = {isa = PBXFileReference; fileEncoding = 4; lastKnownFileType = text.html.documentation; path = KTNetworkingUtilities.html; sourceTree = "<group>"; };
		CA2A354F17B229CE008B28A5 /* KTProgressIndicator.html */ = {isa = PBXFileReference; fileEncoding = 4; lastKnownFileType = text.html.documentation; path = KTProgressIndicator.html; sourceTree = "<group>"; };
		CA2A355017B229CE008B28A5 /* KTRegistrationViewController.html */ = {isa = PBXFileReference; fileEncoding = 4; lastKnownFileType = text.html.documentation; path = KTRegistrationViewController.html; sourceTree = "<group>"; };
		CA2A355117B229CE008B28A5 /* KTTableViewController.html */ = {isa = PBXFileReference; fileEncoding = 4; lastKnownFileType = text.html.documentation; path = KTTableViewController.html; sourceTree = "<group>"; };
		CA2A355217B229CE008B28A5 /* KTTextField.html */ = {isa = PBXFileReference; fileEncoding = 4; lastKnownFileType = text.html.documentation; path = KTTextField.html; sourceTree = "<group>"; };
		CA2A355417B229CE008B28A5 /* styles.css */ = {isa = PBXFileReference; fileEncoding = 4; lastKnownFileType = text.css; path = styles.css; sourceTree = "<group>"; };
		CA2A355517B229CE008B28A5 /* stylesPrint.css */ = {isa = PBXFileReference; fileEncoding = 4; lastKnownFileType = text.css; path = stylesPrint.css; sourceTree = "<group>"; };
		CA2A355617B229CE008B28A5 /* hierarchy.html */ = {isa = PBXFileReference; fileEncoding = 4; lastKnownFileType = text.html.documentation; path = hierarchy.html; sourceTree = "<group>"; };
		CA2A355817B229CE008B28A5 /* button_bar_background.png */ = {isa = PBXFileReference; lastKnownFileType = image.png; path = button_bar_background.png; sourceTree = "<group>"; };
		CA2A355917B229CE008B28A5 /* disclosure.png */ = {isa = PBXFileReference; lastKnownFileType = image.png; path = disclosure.png; sourceTree = "<group>"; };
		CA2A355A17B229CE008B28A5 /* disclosure_open.png */ = {isa = PBXFileReference; lastKnownFileType = image.png; path = disclosure_open.png; sourceTree = "<group>"; };
		CA2A355B17B229CE008B28A5 /* library_background.png */ = {isa = PBXFileReference; lastKnownFileType = image.png; path = library_background.png; sourceTree = "<group>"; };
		CA2A355C17B229CE008B28A5 /* title_background.png */ = {isa = PBXFileReference; lastKnownFileType = image.png; path = title_background.png; sourceTree = "<group>"; };
		CA2A355D17B229CE008B28A5 /* index.html */ = {isa = PBXFileReference; fileEncoding = 4; lastKnownFileType = text.html.documentation; path = index.html; sourceTree = "<group>"; };
		CA2A355F17B229CE008B28A5 /* KTTableViewDelegate.html */ = {isa = PBXFileReference; fileEncoding = 4; lastKnownFileType = text.html.documentation; path = KTTableViewDelegate.html; sourceTree = "<group>"; };
		CA2A356017B229CE008B28A5 /* KiiToolkit.h */ = {isa = PBXFileReference; fileEncoding = 4; lastKnownFileType = sourcecode.c.h; path = KiiToolkit.h; sourceTree = "<group>"; };
		CA2A356117B229CE008B28A5 /* KiiToolkit.podspec */ = {isa = PBXFileReference; fileEncoding = 4; lastKnownFileType = text; path = KiiToolkit.podspec; sourceTree = "<group>"; };
		CA2A356317B229CE008B28A5 /* KTAppRater.h */ = {isa = PBXFileReference; fileEncoding = 4; lastKnownFileType = sourcecode.c.h; path = KTAppRater.h; sourceTree = "<group>"; };
		CA2A356417B229CE008B28A5 /* KTAppRater.m */ = {isa = PBXFileReference; fileEncoding = 4; lastKnownFileType = sourcecode.c.objc; path = KTAppRater.m; sourceTree = "<group>"; };
		CA2A356717B229CE008B28A5 /* kt_login_bg.png */ = {isa = PBXFileReference; lastKnownFileType = image.png; path = kt_login_bg.png; sourceTree = "<group>"; };
		CA2A356817B229CE008B28A5 /* kt_login_bg@2x.png */ = {isa = PBXFileReference; lastKnownFileType = image.png; path = "kt_login_bg@2x.png"; sourceTree = "<group>"; };
		CA2A356917B229CE008B28A5 /* kt_login_close.png */ = {isa = PBXFileReference; lastKnownFileType = image.png; path = kt_login_close.png; sourceTree = "<group>"; };
		CA2A356A17B229CE008B28A5 /* kt_login_close@2x.png */ = {isa = PBXFileReference; lastKnownFileType = image.png; path = "kt_login_close@2x.png"; sourceTree = "<group>"; };
		CA2A356B17B229CE008B28A5 /* kt_login_kii_logo.png */ = {isa = PBXFileReference; lastKnownFileType = image.png; path = kt_login_kii_logo.png; sourceTree = "<group>"; };
		CA2A356C17B229CE008B28A5 /* kt_login_kii_logo@2x.png */ = {isa = PBXFileReference; lastKnownFileType = image.png; path = "kt_login_kii_logo@2x.png"; sourceTree = "<group>"; };
		CA2A356D17B229CE008B28A5 /* KTForgotPasswordViewController.h */ = {isa = PBXFileReference; fileEncoding = 4; lastKnownFileType = sourcecode.c.h; path = KTForgotPasswordViewController.h; sourceTree = "<group>"; };
		CA2A356E17B229CE008B28A5 /* KTForgotPasswordViewController.m */ = {isa = PBXFileReference; fileEncoding = 4; lastKnownFileType = sourcecode.c.objc; path = KTForgotPasswordViewController.m; sourceTree = "<group>"; };
		CA2A356F17B229CE008B28A5 /* KTLoginViewController.h */ = {isa = PBXFileReference; fileEncoding = 4; lastKnownFileType = sourcecode.c.h; path = KTLoginViewController.h; sourceTree = "<group>"; };
		CA2A357017B229CE008B28A5 /* KTLoginViewController.m */ = {isa = PBXFileReference; fileEncoding = 4; lastKnownFileType = sourcecode.c.objc; path = KTLoginViewController.m; sourceTree = "<group>"; };
		CA2A357117B229CE008B28A5 /* KTRegistrationViewController.h */ = {isa = PBXFileReference; fileEncoding = 4; lastKnownFileType = sourcecode.c.h; path = KTRegistrationViewController.h; sourceTree = "<group>"; };
		CA2A357217B229CE008B28A5 /* KTRegistrationViewController.m */ = {isa = PBXFileReference; fileEncoding = 4; lastKnownFileType = sourcecode.c.objc; path = KTRegistrationViewController.m; sourceTree = "<group>"; };
		CA2A357417B229CE008B28A5 /* CKRefreshArrowView.h */ = {isa = PBXFileReference; fileEncoding = 4; lastKnownFileType = sourcecode.c.h; path = CKRefreshArrowView.h; sourceTree = "<group>"; };
		CA2A357517B229CE008B28A5 /* CKRefreshArrowView.m */ = {isa = PBXFileReference; fileEncoding = 4; lastKnownFileType = sourcecode.c.objc; path = CKRefreshArrowView.m; sourceTree = "<group>"; };
		CA2A357617B229CE008B28A5 /* KTTableViewController.h */ = {isa = PBXFileReference; fileEncoding = 4; lastKnownFileType = sourcecode.c.h; path = KTTableViewController.h; sourceTree = "<group>"; };
		CA2A357717B229CE008B28A5 /* KTTableViewController.m */ = {isa = PBXFileReference; fileEncoding = 4; lastKnownFileType = sourcecode.c.objc; path = KTTableViewController.m; sourceTree = "<group>"; };
		CA2A357A17B229CE008B28A5 /* KTAlert.h */ = {isa = PBXFileReference; fileEncoding = 4; lastKnownFileType = sourcecode.c.h; path = KTAlert.h; sourceTree = "<group>"; };
		CA2A357B17B229CE008B28A5 /* KTAlert.m */ = {isa = PBXFileReference; fileEncoding = 4; lastKnownFileType = sourcecode.c.objc; path = KTAlert.m; sourceTree = "<group>"; };
		CA2A357D17B229CE008B28A5 /* KTAlertBar.h */ = {isa = PBXFileReference; fileEncoding = 4; lastKnownFileType = sourcecode.c.h; path = KTAlertBar.h; sourceTree = "<group>"; };
		CA2A357E17B229CE008B28A5 /* KTAlertBar.m */ = {isa = PBXFileReference; fileEncoding = 4; lastKnownFileType = sourcecode.c.objc; path = KTAlertBar.m; sourceTree = "<group>"; };
		CA2A357F17B229CE008B28A5 /* KTAlertToast.h */ = {isa = PBXFileReference; fileEncoding = 4; lastKnownFileType = sourcecode.c.h; path = KTAlertToast.h; sourceTree = "<group>"; };
		CA2A358017B229CE008B28A5 /* KTAlertToast.m */ = {isa = PBXFileReference; fileEncoding = 4; lastKnownFileType = sourcecode.c.objc; path = KTAlertToast.m; sourceTree = "<group>"; };
		CA2A358217B229CE008B28A5 /* KTButton.h */ = {isa = PBXFileReference; fileEncoding = 4; lastKnownFileType = sourcecode.c.h; path = KTButton.h; sourceTree = "<group>"; };
		CA2A358317B229CE008B28A5 /* KTButton.m */ = {isa = PBXFileReference; fileEncoding = 4; lastKnownFileType = sourcecode.c.objc; path = KTButton.m; sourceTree = "<group>"; };
		CA2A358517B229CE008B28A5 /* KTCircularProgressIndicator.h */ = {isa = PBXFileReference; fileEncoding = 4; lastKnownFileType = sourcecode.c.h; path = KTCircularProgressIndicator.h; sourceTree = "<group>"; };
		CA2A358617B229CE008B28A5 /* KTCircularProgressIndicator.m */ = {isa = PBXFileReference; fileEncoding = 4; lastKnownFileType = sourcecode.c.objc; path = KTCircularProgressIndicator.m; sourceTree = "<group>"; };
		CA2A358817B229CE008B28A5 /* KTImageView.h */ = {isa = PBXFileReference; fileEncoding = 4; lastKnownFileType = sourcecode.c.h; path = KTImageView.h; sourceTree = "<group>"; };
		CA2A358917B229CE008B28A5 /* KTImageView.m */ = {isa = PBXFileReference; fileEncoding = 4; lastKnownFileType = sourcecode.c.objc; path = KTImageView.m; sourceTree = "<group>"; };
		CA2A358C17B229CE008B28A5 /* failure-indicator.png */ = {isa = PBXFileReference; lastKnownFileType = image.png; path = "failure-indicator.png"; sourceTree = "<group>"; };
		CA2A358D17B229CE008B28A5 /* failure-indicator@2x.png */ = {isa = PBXFileReference; lastKnownFileType = image.png; path = "failure-indicator@2x.png"; sourceTree = "<group>"; };
		CA2A358E17B229CE008B28A5 /* success-indicator.png */ = {isa = PBXFileReference; lastKnownFileType = image.png; path = "success-indicator.png"; sourceTree = "<group>"; };
		CA2A358F17B229CE008B28A5 /* success-indicator@2x.png */ = {isa = PBXFileReference; lastKnownFileType = image.png; path = "success-indicator@2x.png"; sourceTree = "<group>"; };
		CA2A359017B229CE008B28A5 /* KTLoader.h */ = {isa = PBXFileReference; fileEncoding = 4; lastKnownFileType = sourcecode.c.h; path = KTLoader.h; sourceTree = "<group>"; };
		CA2A359117B229CE008B28A5 /* KTLoader.m */ = {isa = PBXFileReference; fileEncoding = 4; lastKnownFileType = sourcecode.c.objc; path = KTLoader.m; sourceTree = "<group>"; };
		CA2A359317B229CE008B28A5 /* KTProgressIndicator.h */ = {isa = PBXFileReference; fileEncoding = 4; lastKnownFileType = sourcecode.c.h; path = KTProgressIndicator.h; sourceTree = "<group>"; };
		CA2A359417B229CE008B28A5 /* KTProgressIndicator.m */ = {isa = PBXFileReference; fileEncoding = 4; lastKnownFileType = sourcecode.c.objc; path = KTProgressIndicator.m; sourceTree = "<group>"; };
		CA2A359617B229CE008B28A5 /* KTTextField.h */ = {isa = PBXFileReference; fileEncoding = 4; lastKnownFileType = sourcecode.c.h; path = KTTextField.h; sourceTree = "<group>"; };
		CA2A359717B229CE008B28A5 /* KTTextField.m */ = {isa = PBXFileReference; fileEncoding = 4; lastKnownFileType = sourcecode.c.objc; path = KTTextField.m; sourceTree = "<group>"; };
		CA2A359817B229CE008B28A5 /* KTUI.h */ = {isa = PBXFileReference; fileEncoding = 4; lastKnownFileType = sourcecode.c.h; path = KTUI.h; sourceTree = "<group>"; };
		CA2A359C17B229CE008B28A5 /* NSMutableArray+KTUtilities.h */ = {isa = PBXFileReference; fileEncoding = 4; lastKnownFileType = sourcecode.c.h; path = "NSMutableArray+KTUtilities.h"; sourceTree = "<group>"; };
		CA2A359D17B229CE008B28A5 /* NSMutableArray+KTUtilities.m */ = {isa = PBXFileReference; fileEncoding = 4; lastKnownFileType = sourcecode.c.objc; path = "NSMutableArray+KTUtilities.m"; sourceTree = "<group>"; };
		CA2A359F17B229CE008B28A5 /* NSString+KTUtilities.h */ = {isa = PBXFileReference; fileEncoding = 4; lastKnownFileType = sourcecode.c.h; path = "NSString+KTUtilities.h"; sourceTree = "<group>"; };
		CA2A35A017B229CE008B28A5 /* NSString+KTUtilities.m */ = {isa = PBXFileReference; fileEncoding = 4; lastKnownFileType = sourcecode.c.objc; path = "NSString+KTUtilities.m"; sourceTree = "<group>"; };
		CA2A35A217B229CE008B28A5 /* UIColor+KTUtilities.h */ = {isa = PBXFileReference; fileEncoding = 4; lastKnownFileType = sourcecode.c.h; path = "UIColor+KTUtilities.h"; sourceTree = "<group>"; };
		CA2A35A317B229CE008B28A5 /* UIColor+KTUtilities.m */ = {isa = PBXFileReference; fileEncoding = 4; lastKnownFileType = sourcecode.c.objc; path = "UIColor+KTUtilities.m"; sourceTree = "<group>"; };
		CA2A35A517B229CE008B28A5 /* UIImage+KTUtilities.h */ = {isa = PBXFileReference; fileEncoding = 4; lastKnownFileType = sourcecode.c.h; path = "UIImage+KTUtilities.h"; sourceTree = "<group>"; };
		CA2A35A617B229CE008B28A5 /* UIImage+KTUtilities.m */ = {isa = PBXFileReference; fileEncoding = 4; lastKnownFileType = sourcecode.c.objc; path = "UIImage+KTUtilities.m"; sourceTree = "<group>"; };
		CA2A35A817B229CE008B28A5 /* UIView+KTUtilities.h */ = {isa = PBXFileReference; fileEncoding = 4; lastKnownFileType = sourcecode.c.h; path = "UIView+KTUtilities.h"; sourceTree = "<group>"; };
		CA2A35A917B229CE008B28A5 /* UIView+KTUtilities.m */ = {isa = PBXFileReference; fileEncoding = 4; lastKnownFileType = sourcecode.c.objc; path = "UIView+KTUtilities.m"; sourceTree = "<group>"; };
		CA2A35AA17B229CE008B28A5 /* KTNetworkingUtilities.h */ = {isa = PBXFileReference; fileEncoding = 4; lastKnownFileType = sourcecode.c.h; path = KTNetworkingUtilities.h; sourceTree = "<group>"; };
		CA2A35AB17B229CE008B28A5 /* KTNetworkingUtilities.m */ = {isa = PBXFileReference; fileEncoding = 4; lastKnownFileType = sourcecode.c.objc; path = KTNetworkingUtilities.m; sourceTree = "<group>"; };
		CA2A35AC17B229CE008B28A5 /* KTUtilities.h */ = {isa = PBXFileReference; fileEncoding = 4; lastKnownFileType = sourcecode.c.h; path = KTUtilities.h; sourceTree = "<group>"; };
		CA2A35AD17B229CE008B28A5 /* LICENSE */ = {isa = PBXFileReference; fileEncoding = 4; lastKnownFileType = text; path = LICENSE; sourceTree = "<group>"; };
		CA2A35AE17B229CE008B28A5 /* README.md */ = {isa = PBXFileReference; fileEncoding = 4; lastKnownFileType = text; path = README.md; sourceTree = "<group>"; };
		CA2A35F017B229EE008B28A5 /* KiiSDK.framework */ = {isa = PBXFileReference; lastKnownFileType = wrapper.framework; path = KiiSDK.framework; sourceTree = "<group>"; };
		CA708A6D178EF9710088F1AC /* KTTableViewControllerSample.app */ = {isa = PBXFileReference; explicitFileType = wrapper.application; includeInIndex = 0; path = KTTableViewControllerSample.app; sourceTree = BUILT_PRODUCTS_DIR; };
		CA708A70178EF9710088F1AC /* UIKit.framework */ = {isa = PBXFileReference; lastKnownFileType = wrapper.framework; name = UIKit.framework; path = System/Library/Frameworks/UIKit.framework; sourceTree = SDKROOT; };
		CA708A72178EF9710088F1AC /* Foundation.framework */ = {isa = PBXFileReference; lastKnownFileType = wrapper.framework; name = Foundation.framework; path = System/Library/Frameworks/Foundation.framework; sourceTree = SDKROOT; };
		CA708A74178EF9710088F1AC /* CoreGraphics.framework */ = {isa = PBXFileReference; lastKnownFileType = wrapper.framework; name = CoreGraphics.framework; path = System/Library/Frameworks/CoreGraphics.framework; sourceTree = SDKROOT; };
		CA708A78178EF9710088F1AC /* KTTableViewControllerSample-Info.plist */ = {isa = PBXFileReference; lastKnownFileType = text.plist.xml; path = "KTTableViewControllerSample-Info.plist"; sourceTree = "<group>"; };
		CA708A7A178EF9710088F1AC /* en */ = {isa = PBXFileReference; lastKnownFileType = text.plist.strings; name = en; path = en.lproj/InfoPlist.strings; sourceTree = "<group>"; };
		CA708A7C178EF9710088F1AC /* main.m */ = {isa = PBXFileReference; lastKnownFileType = sourcecode.c.objc; path = main.m; sourceTree = "<group>"; };
		CA708A7E178EF9710088F1AC /* KTTableViewControllerSample-Prefix.pch */ = {isa = PBXFileReference; lastKnownFileType = sourcecode.c.h; path = "KTTableViewControllerSample-Prefix.pch"; sourceTree = "<group>"; };
		CA708A7F178EF9710088F1AC /* AppDelegate.h */ = {isa = PBXFileReference; lastKnownFileType = sourcecode.c.h; path = AppDelegate.h; sourceTree = "<group>"; };
		CA708A80178EF9710088F1AC /* AppDelegate.m */ = {isa = PBXFileReference; lastKnownFileType = sourcecode.c.objc; path = AppDelegate.m; sourceTree = "<group>"; };
		CA708A82178EF9710088F1AC /* Default.png */ = {isa = PBXFileReference; lastKnownFileType = image.png; path = Default.png; sourceTree = "<group>"; };
		CA708A84178EF9710088F1AC /* Default@2x.png */ = {isa = PBXFileReference; lastKnownFileType = image.png; path = "Default@2x.png"; sourceTree = "<group>"; };
		CA708A86178EF9710088F1AC /* Default-568h@2x.png */ = {isa = PBXFileReference; lastKnownFileType = image.png; path = "Default-568h@2x.png"; sourceTree = "<group>"; };
		CA708A88178EF9710088F1AC /* MyTableViewController.h */ = {isa = PBXFileReference; lastKnownFileType = sourcecode.c.h; path = MyTableViewController.h; sourceTree = "<group>"; };
		CA708A89178EF9710088F1AC /* MyTableViewController.m */ = {isa = PBXFileReference; lastKnownFileType = sourcecode.c.objc; path = MyTableViewController.m; sourceTree = "<group>"; };
		CA708B1A178EFAD40088F1AC /* QuartzCore.framework */ = {isa = PBXFileReference; lastKnownFileType = wrapper.framework; name = QuartzCore.framework; path = System/Library/Frameworks/QuartzCore.framework; sourceTree = SDKROOT; };
		CA708B1C178EFAE00088F1AC /* SystemConfiguration.framework */ = {isa = PBXFileReference; lastKnownFileType = wrapper.framework; name = SystemConfiguration.framework; path = System/Library/Frameworks/SystemConfiguration.framework; sourceTree = SDKROOT; };
		CA708B1E178EFAF30088F1AC /* MobileCoreServices.framework */ = {isa = PBXFileReference; lastKnownFileType = wrapper.framework; name = MobileCoreServices.framework; path = System/Library/Frameworks/MobileCoreServices.framework; sourceTree = SDKROOT; };
/* End PBXFileReference section */

/* Begin PBXFrameworksBuildPhase section */
		CA708A6A178EF9710088F1AC /* Frameworks */ = {
			isa = PBXFrameworksBuildPhase;
			buildActionMask = 2147483647;
			files = (
				CA708B1F178EFAF30088F1AC /* MobileCoreServices.framework in Frameworks */,
				CA708B1D178EFAE00088F1AC /* SystemConfiguration.framework in Frameworks */,
				CA708B1B178EFAD40088F1AC /* QuartzCore.framework in Frameworks */,
				CA708A71178EF9710088F1AC /* UIKit.framework in Frameworks */,
				CA2A35F117B229EE008B28A5 /* KiiSDK.framework in Frameworks */,
				CA708A73178EF9710088F1AC /* Foundation.framework in Frameworks */,
				CA708A75178EF9710088F1AC /* CoreGraphics.framework in Frameworks */,
			);
			runOnlyForDeploymentPostprocessing = 0;
		};
/* End PBXFrameworksBuildPhase section */

/* Begin PBXGroup section */
		CA2A353917B229CE008B28A5 /* KiiToolkit-iOS */ = {
			isa = PBXGroup;
			children = (
				CA2A353A17B229CE008B28A5 /* .gitignore */,
				CA2A353B17B229CE008B28A5 /* Documentation */,
				CA2A356017B229CE008B28A5 /* KiiToolkit.h */,
				CA2A356117B229CE008B28A5 /* KiiToolkit.podspec */,
				CA2A356217B229CE008B28A5 /* KTAppRater */,
				CA2A356517B229CE008B28A5 /* KTLoginViewController */,
				CA2A357317B229CE008B28A5 /* KTTableViewController */,
				CA2A357817B229CE008B28A5 /* KTUI */,
				CA2A359917B229CE008B28A5 /* KTUtilities */,
				CA2A35AD17B229CE008B28A5 /* LICENSE */,
				CA2A35AE17B229CE008B28A5 /* README.md */,
			);
			path = "KiiToolkit-iOS";
			sourceTree = "<group>";
		};
		CA2A353B17B229CE008B28A5 /* Documentation */ = {
			isa = PBXGroup;
			children = (
				CA2A353C17B229CE008B28A5 /* html */,
			);
			path = Documentation;
			sourceTree = "<group>";
		};
		CA2A353C17B229CE008B28A5 /* html */ = {
			isa = PBXGroup;
			children = (
				CA2A353D17B229CE008B28A5 /* Categories */,
				CA2A354317B229CE008B28A5 /* Classes */,
				CA2A355317B229CE008B28A5 /* css */,
				CA2A355617B229CE008B28A5 /* hierarchy.html */,
				CA2A355717B229CE008B28A5 /* img */,
				CA2A355D17B229CE008B28A5 /* index.html */,
				CA2A355E17B229CE008B28A5 /* Protocols */,
			);
			path = html;
			sourceTree = "<group>";
		};
		CA2A353D17B229CE008B28A5 /* Categories */ = {
			isa = PBXGroup;
			children = (
				CA2A353E17B229CE008B28A5 /* NSMutableArray+KTUtilities.html */,
				CA2A353F17B229CE008B28A5 /* NSString+KTUtilities.html */,
				CA2A354017B229CE008B28A5 /* UIColor+KTUtilities.html */,
				CA2A354117B229CE008B28A5 /* UIImage+KTUtilities.html */,
				CA2A354217B229CE008B28A5 /* UIView+KTUtilities.html */,
			);
			path = Categories;
			sourceTree = "<group>";
		};
		CA2A354317B229CE008B28A5 /* Classes */ = {
			isa = PBXGroup;
			children = (
				CA2A354417B229CE008B28A5 /* KTAlert.html */,
				CA2A354517B229CE008B28A5 /* KTAlertBar.html */,
				CA2A354617B229CE008B28A5 /* KTAlertToast.html */,
				CA2A354717B229CE008B28A5 /* KTAppRater.html */,
				CA2A354817B229CE008B28A5 /* KTButton.html */,
				CA2A354917B229CE008B28A5 /* KTCircularProgressIndicator.html */,
				CA2A354A17B229CE008B28A5 /* KTForgotPasswordViewController.html */,
				CA2A354B17B229CE008B28A5 /* KTImageView.html */,
				CA2A354C17B229CE008B28A5 /* KTLoader.html */,
				CA2A354D17B229CE008B28A5 /* KTLoginViewController.html */,
				CA2A354E17B229CE008B28A5 /* KTNetworkingUtilities.html */,
				CA2A354F17B229CE008B28A5 /* KTProgressIndicator.html */,
				CA2A355017B229CE008B28A5 /* KTRegistrationViewController.html */,
				CA2A355117B229CE008B28A5 /* KTTableViewController.html */,
				CA2A355217B229CE008B28A5 /* KTTextField.html */,
			);
			path = Classes;
			sourceTree = "<group>";
		};
		CA2A355317B229CE008B28A5 /* css */ = {
			isa = PBXGroup;
			children = (
				CA2A355417B229CE008B28A5 /* styles.css */,
				CA2A355517B229CE008B28A5 /* stylesPrint.css */,
			);
			path = css;
			sourceTree = "<group>";
		};
		CA2A355717B229CE008B28A5 /* img */ = {
			isa = PBXGroup;
			children = (
				CA2A355817B229CE008B28A5 /* button_bar_background.png */,
				CA2A355917B229CE008B28A5 /* disclosure.png */,
				CA2A355A17B229CE008B28A5 /* disclosure_open.png */,
				CA2A355B17B229CE008B28A5 /* library_background.png */,
				CA2A355C17B229CE008B28A5 /* title_background.png */,
			);
			path = img;
			sourceTree = "<group>";
		};
		CA2A355E17B229CE008B28A5 /* Protocols */ = {
			isa = PBXGroup;
			children = (
				CA2A355F17B229CE008B28A5 /* KTTableViewDelegate.html */,
			);
			path = Protocols;
			sourceTree = "<group>";
		};
		CA2A356217B229CE008B28A5 /* KTAppRater */ = {
			isa = PBXGroup;
			children = (
				CA2A356317B229CE008B28A5 /* KTAppRater.h */,
				CA2A356417B229CE008B28A5 /* KTAppRater.m */,
			);
			path = KTAppRater;
			sourceTree = "<group>";
		};
		CA2A356517B229CE008B28A5 /* KTLoginViewController */ = {
			isa = PBXGroup;
			children = (
				CA2A356617B229CE008B28A5 /* images */,
				CA2A356D17B229CE008B28A5 /* KTForgotPasswordViewController.h */,
				CA2A356E17B229CE008B28A5 /* KTForgotPasswordViewController.m */,
				CA2A356F17B229CE008B28A5 /* KTLoginViewController.h */,
				CA2A357017B229CE008B28A5 /* KTLoginViewController.m */,
				CA2A357117B229CE008B28A5 /* KTRegistrationViewController.h */,
				CA2A357217B229CE008B28A5 /* KTRegistrationViewController.m */,
			);
			path = KTLoginViewController;
			sourceTree = "<group>";
		};
		CA2A356617B229CE008B28A5 /* images */ = {
			isa = PBXGroup;
			children = (
				CA2A356717B229CE008B28A5 /* kt_login_bg.png */,
				CA2A356817B229CE008B28A5 /* kt_login_bg@2x.png */,
				CA2A356917B229CE008B28A5 /* kt_login_close.png */,
				CA2A356A17B229CE008B28A5 /* kt_login_close@2x.png */,
				CA2A356B17B229CE008B28A5 /* kt_login_kii_logo.png */,
				CA2A356C17B229CE008B28A5 /* kt_login_kii_logo@2x.png */,
			);
			path = images;
			sourceTree = "<group>";
		};
		CA2A357317B229CE008B28A5 /* KTTableViewController */ = {
			isa = PBXGroup;
			children = (
				CA2A357417B229CE008B28A5 /* CKRefreshArrowView.h */,
				CA2A357517B229CE008B28A5 /* CKRefreshArrowView.m */,
				CA2A357617B229CE008B28A5 /* KTTableViewController.h */,
				CA2A357717B229CE008B28A5 /* KTTableViewController.m */,
			);
			path = KTTableViewController;
			sourceTree = "<group>";
		};
		CA2A357817B229CE008B28A5 /* KTUI */ = {
			isa = PBXGroup;
			children = (
				CA2A357917B229CE008B28A5 /* KTAlert */,
				CA2A358117B229CE008B28A5 /* KTButton */,
				CA2A358417B229CE008B28A5 /* KTCircularProgressIndicator */,
				CA2A358717B229CE008B28A5 /* KTImageView */,
				CA2A358A17B229CE008B28A5 /* KTLoader */,
				CA2A359217B229CE008B28A5 /* KTProgressBar */,
				CA2A359517B229CE008B28A5 /* KTTextField */,
				CA2A359817B229CE008B28A5 /* KTUI.h */,
			);
			path = KTUI;
			sourceTree = "<group>";
		};
		CA2A357917B229CE008B28A5 /* KTAlert */ = {
			isa = PBXGroup;
			children = (
				CA2A357A17B229CE008B28A5 /* KTAlert.h */,
				CA2A357B17B229CE008B28A5 /* KTAlert.m */,
				CA2A357C17B229CE008B28A5 /* KTAlertType */,
			);
			path = KTAlert;
			sourceTree = "<group>";
		};
		CA2A357C17B229CE008B28A5 /* KTAlertType */ = {
			isa = PBXGroup;
			children = (
				CA2A357D17B229CE008B28A5 /* KTAlertBar.h */,
				CA2A357E17B229CE008B28A5 /* KTAlertBar.m */,
				CA2A357F17B229CE008B28A5 /* KTAlertToast.h */,
				CA2A358017B229CE008B28A5 /* KTAlertToast.m */,
			);
			path = KTAlertType;
			sourceTree = "<group>";
		};
		CA2A358117B229CE008B28A5 /* KTButton */ = {
			isa = PBXGroup;
			children = (
				CA2A358217B229CE008B28A5 /* KTButton.h */,
				CA2A358317B229CE008B28A5 /* KTButton.m */,
			);
			path = KTButton;
			sourceTree = "<group>";
		};
		CA2A358417B229CE008B28A5 /* KTCircularProgressIndicator */ = {
			isa = PBXGroup;
			children = (
				CA2A358517B229CE008B28A5 /* KTCircularProgressIndicator.h */,
				CA2A358617B229CE008B28A5 /* KTCircularProgressIndicator.m */,
			);
			path = KTCircularProgressIndicator;
			sourceTree = "<group>";
		};
		CA2A358717B229CE008B28A5 /* KTImageView */ = {
			isa = PBXGroup;
			children = (
				CA2A358817B229CE008B28A5 /* KTImageView.h */,
				CA2A358917B229CE008B28A5 /* KTImageView.m */,
			);
			path = KTImageView;
			sourceTree = "<group>";
		};
		CA2A358A17B229CE008B28A5 /* KTLoader */ = {
			isa = PBXGroup;
			children = (
				CA2A358B17B229CE008B28A5 /* images */,
				CA2A359017B229CE008B28A5 /* KTLoader.h */,
				CA2A359117B229CE008B28A5 /* KTLoader.m */,
			);
			path = KTLoader;
			sourceTree = "<group>";
		};
		CA2A358B17B229CE008B28A5 /* images */ = {
			isa = PBXGroup;
			children = (
				CA2A358C17B229CE008B28A5 /* failure-indicator.png */,
				CA2A358D17B229CE008B28A5 /* failure-indicator@2x.png */,
				CA2A358E17B229CE008B28A5 /* success-indicator.png */,
				CA2A358F17B229CE008B28A5 /* success-indicator@2x.png */,
			);
			path = images;
			sourceTree = "<group>";
		};
		CA2A359217B229CE008B28A5 /* KTProgressBar */ = {
			isa = PBXGroup;
			children = (
				CA2A359317B229CE008B28A5 /* KTProgressIndicator.h */,
				CA2A359417B229CE008B28A5 /* KTProgressIndicator.m */,
			);
			path = KTProgressBar;
			sourceTree = "<group>";
		};
		CA2A359517B229CE008B28A5 /* KTTextField */ = {
			isa = PBXGroup;
			children = (
				CA2A359617B229CE008B28A5 /* KTTextField.h */,
				CA2A359717B229CE008B28A5 /* KTTextField.m */,
			);
			path = KTTextField;
			sourceTree = "<group>";
		};
		CA2A359917B229CE008B28A5 /* KTUtilities */ = {
			isa = PBXGroup;
			children = (
				CA2A359A17B229CE008B28A5 /* Categories */,
				CA2A35AA17B229CE008B28A5 /* KTNetworkingUtilities.h */,
				CA2A35AB17B229CE008B28A5 /* KTNetworkingUtilities.m */,
				CA2A35AC17B229CE008B28A5 /* KTUtilities.h */,
			);
			path = KTUtilities;
			sourceTree = "<group>";
		};
		CA2A359A17B229CE008B28A5 /* Categories */ = {
			isa = PBXGroup;
			children = (
				CA2A359B17B229CE008B28A5 /* NSMutableArray */,
				CA2A359E17B229CE008B28A5 /* NSString */,
				CA2A35A117B229CE008B28A5 /* UIColor */,
				CA2A35A417B229CE008B28A5 /* UIImage */,
				CA2A35A717B229CE008B28A5 /* UIView */,
			);
			path = Categories;
			sourceTree = "<group>";
		};
		CA2A359B17B229CE008B28A5 /* NSMutableArray */ = {
			isa = PBXGroup;
			children = (
				CA2A359C17B229CE008B28A5 /* NSMutableArray+KTUtilities.h */,
				CA2A359D17B229CE008B28A5 /* NSMutableArray+KTUtilities.m */,
			);
			path = NSMutableArray;
			sourceTree = "<group>";
		};
		CA2A359E17B229CE008B28A5 /* NSString */ = {
			isa = PBXGroup;
			children = (
				CA2A359F17B229CE008B28A5 /* NSString+KTUtilities.h */,
				CA2A35A017B229CE008B28A5 /* NSString+KTUtilities.m */,
			);
			path = NSString;
			sourceTree = "<group>";
		};
		CA2A35A117B229CE008B28A5 /* UIColor */ = {
			isa = PBXGroup;
			children = (
				CA2A35A217B229CE008B28A5 /* UIColor+KTUtilities.h */,
				CA2A35A317B229CE008B28A5 /* UIColor+KTUtilities.m */,
			);
			path = UIColor;
			sourceTree = "<group>";
		};
		CA2A35A417B229CE008B28A5 /* UIImage */ = {
			isa = PBXGroup;
			children = (
				CA2A35A517B229CE008B28A5 /* UIImage+KTUtilities.h */,
				CA2A35A617B229CE008B28A5 /* UIImage+KTUtilities.m */,
			);
			path = UIImage;
			sourceTree = "<group>";
		};
		CA2A35A717B229CE008B28A5 /* UIView */ = {
			isa = PBXGroup;
			children = (
				CA2A35A817B229CE008B28A5 /* UIView+KTUtilities.h */,
				CA2A35A917B229CE008B28A5 /* UIView+KTUtilities.m */,
			);
			path = UIView;
			sourceTree = "<group>";
		};
		CA708A64178EF9710088F1AC = {
			isa = PBXGroup;
			children = (
				CA2A353917B229CE008B28A5 /* KiiToolkit-iOS */,
				CA708A76178EF9710088F1AC /* KTTableViewSample */,
				CA708A6F178EF9710088F1AC /* Frameworks */,
				CA708A6E178EF9710088F1AC /* Products */,
			);
			sourceTree = "<group>";
		};
		CA708A6E178EF9710088F1AC /* Products */ = {
			isa = PBXGroup;
			children = (
				CA708A6D178EF9710088F1AC /* KTTableViewControllerSample.app */,
			);
			name = Products;
			sourceTree = "<group>";
		};
		CA708A6F178EF9710088F1AC /* Frameworks */ = {
			isa = PBXGroup;
			children = (
				CA2A35F017B229EE008B28A5 /* KiiSDK.framework */,
				CA708B1E178EFAF30088F1AC /* MobileCoreServices.framework */,
				CA708B1C178EFAE00088F1AC /* SystemConfiguration.framework */,
				CA708B1A178EFAD40088F1AC /* QuartzCore.framework */,
				CA708A70178EF9710088F1AC /* UIKit.framework */,
				CA708A72178EF9710088F1AC /* Foundation.framework */,
				CA708A74178EF9710088F1AC /* CoreGraphics.framework */,
			);
			name = Frameworks;
			sourceTree = "<group>";
		};
		CA708A76178EF9710088F1AC /* KTTableViewSample */ = {
			isa = PBXGroup;
			children = (
				CA708A7F178EF9710088F1AC /* AppDelegate.h */,
				CA708A80178EF9710088F1AC /* AppDelegate.m */,
				CA708A88178EF9710088F1AC /* MyTableViewController.h */,
				CA708A89178EF9710088F1AC /* MyTableViewController.m */,
				CA708A77178EF9710088F1AC /* Supporting Files */,
			);
			path = KTTableViewSample;
			sourceTree = "<group>";
		};
		CA708A77178EF9710088F1AC /* Supporting Files */ = {
			isa = PBXGroup;
			children = (
				CA708A78178EF9710088F1AC /* KTTableViewControllerSample-Info.plist */,
				CA708A79178EF9710088F1AC /* InfoPlist.strings */,
				CA708A7C178EF9710088F1AC /* main.m */,
				CA708A7E178EF9710088F1AC /* KTTableViewControllerSample-Prefix.pch */,
				CA708A82178EF9710088F1AC /* Default.png */,
				CA708A84178EF9710088F1AC /* Default@2x.png */,
				CA708A86178EF9710088F1AC /* Default-568h@2x.png */,
			);
			name = "Supporting Files";
			sourceTree = "<group>";
		};
/* End PBXGroup section */

/* Begin PBXNativeTarget section */
		CA708A6C178EF9710088F1AC /* KTTableViewControllerSample */ = {
			isa = PBXNativeTarget;
			buildConfigurationList = CA708A90178EF9710088F1AC /* Build configuration list for PBXNativeTarget "KTTableViewControllerSample" */;
			buildPhases = (
				CA708A69178EF9710088F1AC /* Sources */,
				CA708A6A178EF9710088F1AC /* Frameworks */,
				CA708A6B178EF9710088F1AC /* Resources */,
			);
			buildRules = (
			);
			dependencies = (
			);
			name = KTTableViewControllerSample;
			productName = KTTableViewSample;
			productReference = CA708A6D178EF9710088F1AC /* KTTableViewControllerSample.app */;
			productType = "com.apple.product-type.application";
		};
/* End PBXNativeTarget section */

/* Begin PBXProject section */
		CA708A65178EF9710088F1AC /* Project object */ = {
			isa = PBXProject;
			attributes = {
				LastUpgradeCheck = 0460;
				ORGANIZATIONNAME = Kii;
			};
			buildConfigurationList = CA708A68178EF9710088F1AC /* Build configuration list for PBXProject "KTTableViewControllerSample" */;
			compatibilityVersion = "Xcode 3.2";
			developmentRegion = English;
			hasScannedForEncodings = 0;
			knownRegions = (
				en,
			);
			mainGroup = CA708A64178EF9710088F1AC;
			productRefGroup = CA708A6E178EF9710088F1AC /* Products */;
			projectDirPath = "";
			projectRoot = "";
			targets = (
				CA708A6C178EF9710088F1AC /* KTTableViewControllerSample */,
			);
		};
/* End PBXProject section */

/* Begin PBXResourcesBuildPhase section */
		CA708A6B178EF9710088F1AC /* Resources */ = {
			isa = PBXResourcesBuildPhase;
			buildActionMask = 2147483647;
			files = (
				CA2A35C917B229CE008B28A5 /* disclosure_open.png in Resources */,
				CA2A35C817B229CE008B28A5 /* disclosure.png in Resources */,
				CA2A35BC17B229CE008B28A5 /* KTImageView.html in Resources */,
				CA2A35E317B229CE008B28A5 /* success-indicator.png in Resources */,
				CA2A35C117B229CE008B28A5 /* KTRegistrationViewController.html in Resources */,
				CA2A35AF17B229CE008B28A5 /* .gitignore in Resources */,
				CA2A35EF17B229CE008B28A5 /* README.md in Resources */,
				CA2A35CE17B229CE008B28A5 /* KiiToolkit.podspec in Resources */,
				CA2A35C217B229CE008B28A5 /* KTTableViewController.html in Resources */,
				CA2A35C617B229CE008B28A5 /* hierarchy.html in Resources */,
				CA708A7B178EF9710088F1AC /* InfoPlist.strings in Resources */,
				CA2A35BA17B229CE008B28A5 /* KTCircularProgressIndicator.html in Resources */,
				CA2A35B717B229CE008B28A5 /* KTAlertToast.html in Resources */,
				CA2A35B517B229CE008B28A5 /* KTAlert.html in Resources */,
				CA2A35C517B229CE008B28A5 /* stylesPrint.css in Resources */,
				CA708A83178EF9710088F1AC /* Default.png in Resources */,
				CA2A35D317B229CE008B28A5 /* kt_login_close@2x.png in Resources */,
				CA2A35BF17B229CE008B28A5 /* KTNetworkingUtilities.html in Resources */,
				CA2A35CB17B229CE008B28A5 /* title_background.png in Resources */,
				CA2A35B417B229CE008B28A5 /* UIView+KTUtilities.html in Resources */,
				CA2A35BD17B229CE008B28A5 /* KTLoader.html in Resources */,
				CA2A35B117B229CE008B28A5 /* NSString+KTUtilities.html in Resources */,
				CA2A35B617B229CE008B28A5 /* KTAlertBar.html in Resources */,
				CA2A35B817B229CE008B28A5 /* KTAppRater.html in Resources */,
				CA708A85178EF9710088F1AC /* Default@2x.png in Resources */,
				CA2A35B017B229CE008B28A5 /* NSMutableArray+KTUtilities.html in Resources */,
				CA2A35C717B229CE008B28A5 /* button_bar_background.png in Resources */,
				CA2A35C417B229CE008B28A5 /* styles.css in Resources */,
				CA2A35B217B229CE008B28A5 /* UIColor+KTUtilities.html in Resources */,
				CA2A35E217B229CE008B28A5 /* failure-indicator@2x.png in Resources */,
				CA2A35D017B229CE008B28A5 /* kt_login_bg.png in Resources */,
				CA2A35B917B229CE008B28A5 /* KTButton.html in Resources */,
				CA2A35BE17B229CE008B28A5 /* KTLoginViewController.html in Resources */,
				CA2A35E417B229CE008B28A5 /* success-indicator@2x.png in Resources */,
				CA2A35BB17B229CE008B28A5 /* KTForgotPasswordViewController.html in Resources */,
				CA2A35D117B229CE008B28A5 /* kt_login_bg@2x.png in Resources */,
				CA708A87178EF9710088F1AC /* Default-568h@2x.png in Resources */,
				CA2A35EE17B229CE008B28A5 /* LICENSE in Resources */,
				CA2A35C317B229CE008B28A5 /* KTTextField.html in Resources */,
				CA2A35D217B229CE008B28A5 /* kt_login_close.png in Resources */,
				CA2A35CA17B229CE008B28A5 /* library_background.png in Resources */,
				CA2A35C017B229CE008B28A5 /* KTProgressIndicator.html in Resources */,
				CA2A35CD17B229CE008B28A5 /* KTTableViewDelegate.html in Resources */,
				CA2A35D517B229CE008B28A5 /* kt_login_kii_logo@2x.png in Resources */,
				CA2A35D417B229CE008B28A5 /* kt_login_kii_logo.png in Resources */,
				CA2A35B317B229CE008B28A5 /* UIImage+KTUtilities.html in Resources */,
				CA2A35E117B229CE008B28A5 /* failure-indicator.png in Resources */,
				CA2A35CC17B229CE008B28A5 /* index.html in Resources */,
			);
			runOnlyForDeploymentPostprocessing = 0;
		};
/* End PBXResourcesBuildPhase section */

/* Begin PBXSourcesBuildPhase section */
		CA708A69178EF9710088F1AC /* Sources */ = {
			isa = PBXSourcesBuildPhase;
			buildActionMask = 2147483647;
			files = (
				CA2A35E717B229CE008B28A5 /* KTTextField.m in Sources */,
				CA2A35DE17B229CE008B28A5 /* KTButton.m in Sources */,
				CA708A7D178EF9710088F1AC /* main.m in Sources */,
				CA2A35EB17B229CE008B28A5 /* UIImage+KTUtilities.m in Sources */,
				CA2A35E617B229CE008B28A5 /* KTProgressIndicator.m in Sources */,
				CA2A35CF17B229CE008B28A5 /* KTAppRater.m in Sources */,
				CA2A35DA17B229CE008B28A5 /* KTTableViewController.m in Sources */,
				CA2A35DD17B229CE008B28A5 /* KTAlertToast.m in Sources */,
				CA2A35EA17B229CE008B28A5 /* UIColor+KTUtilities.m in Sources */,
				CA2A35EC17B229CE008B28A5 /* UIView+KTUtilities.m in Sources */,
				CA2A35E817B229CE008B28A5 /* NSMutableArray+KTUtilities.m in Sources */,
				CA2A35D917B229CE008B28A5 /* CKRefreshArrowView.m in Sources */,
				CA708A81178EF9710088F1AC /* AppDelegate.m in Sources */,
				CA2A35ED17B229CE008B28A5 /* KTNetworkingUtilities.m in Sources */,
				CA2A35DB17B229CE008B28A5 /* KTAlert.m in Sources */,
				CA2A35DF17B229CE008B28A5 /* KTCircularProgressIndicator.m in Sources */,
				CA2A35D617B229CE008B28A5 /* KTForgotPasswordViewController.m in Sources */,
				CA708A8A178EF9710088F1AC /* MyTableViewController.m in Sources */,
				CA2A35E517B229CE008B28A5 /* KTLoader.m in Sources */,
				CA2A35E917B229CE008B28A5 /* NSString+KTUtilities.m in Sources */,
				CA2A35D717B229CE008B28A5 /* KTLoginViewController.m in Sources */,
				CA2A35DC17B229CE008B28A5 /* KTAlertBar.m in Sources */,
				CA2A35D817B229CE008B28A5 /* KTRegistrationViewController.m in Sources */,
				CA2A35E017B229CE008B28A5 /* KTImageView.m in Sources */,
			);
			runOnlyForDeploymentPostprocessing = 0;
		};
/* End PBXSourcesBuildPhase section */

/* Begin PBXVariantGroup section */
		CA708A79178EF9710088F1AC /* InfoPlist.strings */ = {
			isa = PBXVariantGroup;
			children = (
				CA708A7A178EF9710088F1AC /* en */,
			);
			name = InfoPlist.strings;
			sourceTree = "<group>";
		};
/* End PBXVariantGroup section */

/* Begin XCBuildConfiguration section */
		CA708A8E178EF9710088F1AC /* Debug */ = {
			isa = XCBuildConfiguration;
			buildSettings = {
				ALWAYS_SEARCH_USER_PATHS = NO;
				CLANG_CXX_LANGUAGE_STANDARD = "gnu++0x";
				CLANG_CXX_LIBRARY = "libc++";
				CLANG_ENABLE_OBJC_ARC = YES;
				CLANG_WARN_CONSTANT_CONVERSION = YES;
				CLANG_WARN_EMPTY_BODY = YES;
				CLANG_WARN_ENUM_CONVERSION = YES;
				CLANG_WARN_INT_CONVERSION = YES;
				CLANG_WARN__DUPLICATE_METHOD_MATCH = YES;
				"CODE_SIGN_IDENTITY[sdk=iphoneos*]" = "iPhone Developer";
				COPY_PHASE_STRIP = NO;
				GCC_C_LANGUAGE_STANDARD = gnu99;
				GCC_DYNAMIC_NO_PIC = NO;
				GCC_OPTIMIZATION_LEVEL = 0;
				GCC_PREPROCESSOR_DEFINITIONS = (
					"DEBUG=1",
					"$(inherited)",
				);
				GCC_SYMBOLS_PRIVATE_EXTERN = NO;
				GCC_WARN_ABOUT_RETURN_TYPE = YES;
				GCC_WARN_UNINITIALIZED_AUTOS = YES;
				GCC_WARN_UNUSED_VARIABLE = YES;
				IPHONEOS_DEPLOYMENT_TARGET = 6.1;
				ONLY_ACTIVE_ARCH = YES;
				SDKROOT = iphoneos;
			};
			name = Debug;
		};
		CA708A8F178EF9710088F1AC /* Release */ = {
			isa = XCBuildConfiguration;
			buildSettings = {
				ALWAYS_SEARCH_USER_PATHS = NO;
				CLANG_CXX_LANGUAGE_STANDARD = "gnu++0x";
				CLANG_CXX_LIBRARY = "libc++";
				CLANG_ENABLE_OBJC_ARC = YES;
				CLANG_WARN_CONSTANT_CONVERSION = YES;
				CLANG_WARN_EMPTY_BODY = YES;
				CLANG_WARN_ENUM_CONVERSION = YES;
				CLANG_WARN_INT_CONVERSION = YES;
				CLANG_WARN__DUPLICATE_METHOD_MATCH = YES;
				"CODE_SIGN_IDENTITY[sdk=iphoneos*]" = "iPhone Developer";
				COPY_PHASE_STRIP = YES;
				GCC_C_LANGUAGE_STANDARD = gnu99;
				GCC_WARN_ABOUT_RETURN_TYPE = YES;
				GCC_WARN_UNINITIALIZED_AUTOS = YES;
				GCC_WARN_UNUSED_VARIABLE = YES;
				IPHONEOS_DEPLOYMENT_TARGET = 6.1;
				OTHER_CFLAGS = "-DNS_BLOCK_ASSERTIONS=1";
				SDKROOT = iphoneos;
				VALIDATE_PRODUCT = YES;
			};
			name = Release;
		};
		CA708A91178EF9710088F1AC /* Debug */ = {
			isa = XCBuildConfiguration;
			buildSettings = {
				FRAMEWORK_SEARCH_PATHS = (
					"$(inherited)",
					"$(SRCROOT)",
					"/Users/Beauchamp/Code/Kii/KTTableViewSample-iOS",
				);
				GCC_PRECOMPILE_PREFIX_HEADER = YES;
				GCC_PREFIX_HEADER = "KTTableViewSample/KTTableViewControllerSample-Prefix.pch";
				INFOPLIST_FILE = "KTTableViewSample/KTTableViewControllerSample-Info.plist";
				PRODUCT_NAME = KTTableViewControllerSample;
				WRAPPER_EXTENSION = app;
			};
			name = Debug;
		};
		CA708A92178EF9710088F1AC /* Release */ = {
			isa = XCBuildConfiguration;
			buildSettings = {
				FRAMEWORK_SEARCH_PATHS = (
					"$(inherited)",
					"$(SRCROOT)",
					"/Users/Beauchamp/Code/Kii/KTTableViewSample-iOS",
				);
				GCC_PRECOMPILE_PREFIX_HEADER = YES;
				GCC_PREFIX_HEADER = "KTTableViewSample/KTTableViewControllerSample-Prefix.pch";
				INFOPLIST_FILE = "KTTableViewSample/KTTableViewControllerSample-Info.plist";
				PRODUCT_NAME = KTTableViewControllerSample;
				WRAPPER_EXTENSION = app;
			};
			name = Release;
		};
/* End XCBuildConfiguration section */

/* Begin XCConfigurationList section */
		CA708A68178EF9710088F1AC /* Build configuration list for PBXProject "KTTableViewControllerSample" */ = {
			isa = XCConfigurationList;
			buildConfigurations = (
				CA708A8E178EF9710088F1AC /* Debug */,
				CA708A8F178EF9710088F1AC /* Release */,
			);
			defaultConfigurationIsVisible = 0;
			defaultConfigurationName = Release;
		};
		CA708A90178EF9710088F1AC /* Build configuration list for PBXNativeTarget "KTTableViewControllerSample" */ = {
			isa = XCConfigurationList;
			buildConfigurations = (
				CA708A91178EF9710088F1AC /* Debug */,
				CA708A92178EF9710088F1AC /* Release */,
			);
			defaultConfigurationIsVisible = 0;
			defaultConfigurationName = Release;
		};
/* End XCConfigurationList section */
	};
	rootObject = CA708A65178EF9710088F1AC /* Project object */;
}
